
Microsoft Visual Studio Solution File, Format Version 12.00
# Visual Studio Version 16
VisualStudioVersion = 16.0.31624.102
MinimumVisualStudioVersion = 10.0.40219.1
Project("{9A19103F-16F7-4668-BE54-9A1E7A4F7556}") = "Dev.Report.Api", "Dev.Report.Api.csproj", "{4ECCFEDD-9149-4344-ACC7-2E94B6642D20}"
EndProject
Global
	GlobalSection(SolutionConfigurationPlatforms) = preSolution
		Debug|Any CPU = Debug|Any CPU
		Debug|x64 = Debug|x64
		Release|Any CPU = Release|Any CPU
		Release|x64 = Release|x64
	EndGlobalSection
	GlobalSection(ProjectConfigurationPlatforms) = postSolution
		{4ECCFEDD-9149-4344-ACC7-2E94B6642D20}.Debug|Any CPU.ActiveCfg = Debug|x64
		{4ECCFEDD-9149-4344-ACC7-2E94B6642D20}.Debug|Any CPU.Build.0 = Debug|x64
		{4ECCFEDD-9149-4344-ACC7-2E94B6642D20}.Debug|x64.ActiveCfg = Debug|x64
		{4ECCFEDD-9149-4344-ACC7-2E94B6642D20}.Debug|x64.Build.0 = Debug|x64
		{4ECCFEDD-9149-4344-ACC7-2E94B6642D20}.Release|Any CPU.ActiveCfg = Release|Any CPU
		{4ECCFEDD-9149-4344-ACC7-2E94B6642D20}.Release|Any CPU.Build.0 = Release|Any CPU
		{4ECCFEDD-9149-4344-ACC7-2E94B6642D20}.Release|x64.ActiveCfg = Release|x64
		{4ECCFEDD-9149-4344-ACC7-2E94B6642D20}.Release|x64.Build.0 = Release|x64
	EndGlobalSection
	GlobalSection(SolutionProperties) = preSolution
		HideSolutionNode = FALSE
	EndGlobalSection
	GlobalSection(ExtensibilityGlobals) = postSolution
		SolutionGuid = {2E7B396E-9CB9-498E-A722-5F01E709CCD6}
	EndGlobalSection
EndGlobal
